
Microsoft Visual Studio Solution File, Format Version 12.00
# Visual Studio Version 16
VisualStudioVersion = 16.0.30503.244
MinimumVisualStudioVersion = 10.0.40219.1
Project("{FAE04EC0-301F-11D3-BF4B-00C04F79EFBC}") = "App", "App\App.csproj", "{2D4D231C-C3D2-4951-ABFF-12F8BBBE63D8}"
EndProject
Global
	GlobalSection(SolutionConfigurationPlatforms) = preSolution
		Debug|Any CPU = Debug|Any CPU
		Release|Any CPU = Release|Any CPU
	EndGlobalSection
	GlobalSection(ProjectConfigurationPlatforms) = postSolution
		{2D4D231C-C3D2-4951-ABFF-12F8BBBE63D8}.Debug|Any CPU.ActiveCfg = Debug|Any CPU
		{2D4D231C-C3D2-4951-ABFF-12F8BBBE63D8}.Debug|Any CPU.Build.0 = Debug|Any CPU
		{2D4D231C-C3D2-4951-ABFF-12F8BBBE63D8}.Release|Any CPU.ActiveCfg = Release|Any CPU
		{2D4D231C-C3D2-4951-ABFF-12F8BBBE63D8}.Release|Any CPU.Build.0 = Release|Any CPU
	EndGlobalSection
	GlobalSection(SolutionProperties) = preSolution
		HideSolutionNode = FALSE
	EndGlobalSection
	GlobalSection(ExtensibilityGlobals) = postSolution
		SolutionGuid = {653115CE-84E6-4ACE-AD53-3F276117BDF6}
	EndGlobalSection
EndGlobal
